
Microsoft Visual Studio Solution File, Format Version 11.00
# Visual Studio 2010
Project("{FAE04EC0-301F-11D3-BF4B-00C04F79EFBC}") = "Ansys_builder", "Ansys_builder\Ansys_builder.csproj", "{C674E287-115E-4DE3-9E75-EBB68C0426B2}"
EndProject
Global
	GlobalSection(SolutionConfigurationPlatforms) = preSolution
		Debug|x86 = Debug|x86
		Release|x86 = Release|x86
	EndGlobalSection
	GlobalSection(ProjectConfigurationPlatforms) = postSolution
		{C674E287-115E-4DE3-9E75-EBB68C0426B2}.Debug|x86.ActiveCfg = Debug|x86
		{C674E287-115E-4DE3-9E75-EBB68C0426B2}.Debug|x86.Build.0 = Debug|x86
		{C674E287-115E-4DE3-9E75-EBB68C0426B2}.Release|x86.ActiveCfg = Release|x86
		{C674E287-115E-4DE3-9E75-EBB68C0426B2}.Release|x86.Build.0 = Release|x86
	EndGlobalSection
	GlobalSection(SolutionProperties) = preSolution
		HideSolutionNode = FALSE
	EndGlobalSection
EndGlobal
